
Microsoft Visual Studio Solution File, Format Version 12.00
# Visual Studio Version 16
VisualStudioVersion = 16.0.29609.76
MinimumVisualStudioVersion = 10.0.40219.1
Project("{9A19103F-16F7-4668-BE54-9A1E7A4F7556}") = "AvroSchemaGenerator", "SchemaGenerator\AvroSchemaGenerator.csproj", "{F13C8E45-F5C8-48EB-B879-63DD464FEFF0}"
EndProject
Project("{9A19103F-16F7-4668-BE54-9A1E7A4F7556}") = "AvroSchemaGenerator.Tests", "AvroSchemaGenerator.Tests\AvroSchemaGenerator.Tests.csproj", "{30808D11-0F77-4CCD-82C0-10946CA397D4}"
EndProject
Global
	GlobalSection(SolutionConfigurationPlatforms) = preSolution
		Debug|Any CPU = Debug|Any CPU
		Release|Any CPU = Release|Any CPU
	EndGlobalSection
	GlobalSection(ProjectConfigurationPlatforms) = postSolution
		{F13C8E45-F5C8-48EB-B879-63DD464FEFF0}.Debug|Any CPU.ActiveCfg = Debug|Any CPU
		{F13C8E45-F5C8-48EB-B879-63DD464FEFF0}.Debug|Any CPU.Build.0 = Debug|Any CPU
		{F13C8E45-F5C8-48EB-B879-63DD464FEFF0}.Release|Any CPU.ActiveCfg = Release|Any CPU
		{F13C8E45-F5C8-48EB-B879-63DD464FEFF0}.Release|Any CPU.Build.0 = Release|Any CPU
		{30808D11-0F77-4CCD-82C0-10946CA397D4}.Debug|Any CPU.ActiveCfg = Debug|Any CPU
		{30808D11-0F77-4CCD-82C0-10946CA397D4}.Debug|Any CPU.Build.0 = Debug|Any CPU
		{30808D11-0F77-4CCD-82C0-10946CA397D4}.Release|Any CPU.ActiveCfg = Release|Any CPU
		{30808D11-0F77-4CCD-82C0-10946CA397D4}.Release|Any CPU.Build.0 = Release|Any CPU
	EndGlobalSection
	GlobalSection(SolutionProperties) = preSolution
		HideSolutionNode = FALSE
	EndGlobalSection
	GlobalSection(ExtensibilityGlobals) = postSolution
		SolutionGuid = {3437C2B5-7977-4B47-94B6-31328FD6847D}
	EndGlobalSection
EndGlobal
